
Microsoft Visual Studio Solution File, Format Version 12.00
# Visual Studio Version 17
VisualStudioVersion = 17.6.33723.286
MinimumVisualStudioVersion = 10.0.40219.1
Project("{8BC9CEB8-8B4A-11D0-8D11-00A0C91BC942}") = "GameServer", "GameServer\GameServer.vcxproj", "{EAC09D8B-DA7D-4BC2-8BBA-294AB0B76049}"
EndProject
Project("{8BC9CEB8-8B4A-11D0-8D11-00A0C91BC942}") = "DummyClient", "DummyClient\DummyClient.vcxproj", "{F8AB2A2C-A6FC-4A5A-B7ED-1BC7D52AB503}"
EndProject
Project("{8BC9CEB8-8B4A-11D0-8D11-00A0C91BC942}") = "ServerCore", "ServerCore\ServerCore.vcxproj", "{B576DCD8-963E-43E4-9E1B-6426A5C9C3C4}"
EndProject
Global
	GlobalSection(SolutionConfigurationPlatforms) = preSolution
		Debug|x64 = Debug|x64
		Debug|x86 = Debug|x86
		Release|x64 = Release|x64
		Release|x86 = Release|x86
	EndGlobalSection
	GlobalSection(ProjectConfigurationPlatforms) = postSolution
		{EAC09D8B-DA7D-4BC2-8BBA-294AB0B76049}.Debug|x64.ActiveCfg = Debug|x64
		{EAC09D8B-DA7D-4BC2-8BBA-294AB0B76049}.Debug|x64.Build.0 = Debug|x64
		{EAC09D8B-DA7D-4BC2-8BBA-294AB0B76049}.Debug|x86.ActiveCfg = Debug|Win32
		{EAC09D8B-DA7D-4BC2-8BBA-294AB0B76049}.Debug|x86.Build.0 = Debug|Win32
		{EAC09D8B-DA7D-4BC2-8BBA-294AB0B76049}.Release|x64.ActiveCfg = Release|x64
		{EAC09D8B-DA7D-4BC2-8BBA-294AB0B76049}.Release|x64.Build.0 = Release|x64
		{EAC09D8B-DA7D-4BC2-8BBA-294AB0B76049}.Release|x86.ActiveCfg = Release|Win32
		{EAC09D8B-DA7D-4BC2-8BBA-294AB0B76049}.Release|x86.Build.0 = Release|Win32
		{F8AB2A2C-A6FC-4A5A-B7ED-1BC7D52AB503}.Debug|x64.ActiveCfg = Debug|x64
		{F8AB2A2C-A6FC-4A5A-B7ED-1BC7D52AB503}.Debug|x64.Build.0 = Debug|x64
		{F8AB2A2C-A6FC-4A5A-B7ED-1BC7D52AB503}.Debug|x86.ActiveCfg = Debug|Win32
		{F8AB2A2C-A6FC-4A5A-B7ED-1BC7D52AB503}.Debug|x86.Build.0 = Debug|Win32
		{F8AB2A2C-A6FC-4A5A-B7ED-1BC7D52AB503}.Release|x64.ActiveCfg = Release|x64
		{F8AB2A2C-A6FC-4A5A-B7ED-1BC7D52AB503}.Release|x64.Build.0 = Release|x64
		{F8AB2A2C-A6FC-4A5A-B7ED-1BC7D52AB503}.Release|x86.ActiveCfg = Release|Win32
		{F8AB2A2C-A6FC-4A5A-B7ED-1BC7D52AB503}.Release|x86.Build.0 = Release|Win32
		{B576DCD8-963E-43E4-9E1B-6426A5C9C3C4}.Debug|x64.ActiveCfg = Debug|x64
		{B576DCD8-963E-43E4-9E1B-6426A5C9C3C4}.Debug|x64.Build.0 = Debug|x64
		{B576DCD8-963E-43E4-9E1B-6426A5C9C3C4}.Debug|x86.ActiveCfg = Debug|Win32
		{B576DCD8-963E-43E4-9E1B-6426A5C9C3C4}.Debug|x86.Build.0 = Debug|Win32
		{B576DCD8-963E-43E4-9E1B-6426A5C9C3C4}.Release|x64.ActiveCfg = Release|x64
		{B576DCD8-963E-43E4-9E1B-6426A5C9C3C4}.Release|x64.Build.0 = Release|x64
		{B576DCD8-963E-43E4-9E1B-6426A5C9C3C4}.Release|x86.ActiveCfg = Release|Win32
		{B576DCD8-963E-43E4-9E1B-6426A5C9C3C4}.Release|x86.Build.0 = Release|Win32
	EndGlobalSection
	GlobalSection(SolutionProperties) = preSolution
		HideSolutionNode = FALSE
	EndGlobalSection
	GlobalSection(ExtensibilityGlobals) = postSolution
		SolutionGuid = {6EC75F11-2252-4A96-9B7C-7712D0786D94}
	EndGlobalSection
EndGlobal
